
Microsoft Visual Studio Solution File, Format Version 12.00
# Visual Studio Version 17
VisualStudioVersion = 17.6.33815.320
MinimumVisualStudioVersion = 10.0.40219.1
Project("{FAE04EC0-301F-11D3-BF4B-00C04F79EFBC}") = "HomeWork 3.10", "HomeWork 3.10\HomeWork 3.10.csproj", "{2F0BA275-8B51-4605-9E0F-75C101FD74E8}"
EndProject
Global
	GlobalSection(SolutionConfigurationPlatforms) = preSolution
		Debug|Any CPU = Debug|Any CPU
		Release|Any CPU = Release|Any CPU
	EndGlobalSection
	GlobalSection(ProjectConfigurationPlatforms) = postSolution
		{2F0BA275-8B51-4605-9E0F-75C101FD74E8}.Debug|Any CPU.ActiveCfg = Debug|Any CPU
		{2F0BA275-8B51-4605-9E0F-75C101FD74E8}.Debug|Any CPU.Build.0 = Debug|Any CPU
		{2F0BA275-8B51-4605-9E0F-75C101FD74E8}.Release|Any CPU.ActiveCfg = Release|Any CPU
		{2F0BA275-8B51-4605-9E0F-75C101FD74E8}.Release|Any CPU.Build.0 = Release|Any CPU
	EndGlobalSection
	GlobalSection(SolutionProperties) = preSolution
		HideSolutionNode = FALSE
	EndGlobalSection
	GlobalSection(ExtensibilityGlobals) = postSolution
		SolutionGuid = {34DC0DCC-83D7-415C-A6D7-6AFB77C2FD1A}
	EndGlobalSection
EndGlobal
